// !$*UTF8*$!
{
	archiveVersion = 1;
	classes = {
	};
	objectVersion = 46;
	objects = {

/* Begin PBXBuildFile section */
		0F0A9BC5197E0CE500E3C0E1 /* Manager.jpg in Resources */ = {isa = PBXBuildFile; fileRef = 0F0A9BC4197E0CE500E3C0E1 /* Manager.jpg */; };
		0F0A9BC9197E2CD000E3C0E1 /* CPKenburnsView.m in Sources */ = {isa = PBXBuildFile; fileRef = 0F0A9BC8197E2CD000E3C0E1 /* CPKenburnsView.m */; };
		0F0A9BCB197E2DB300E3C0E1 /* 1.jpg in Resources */ = {isa = PBXBuildFile; fileRef = 0F0A9BCA197E2DB300E3C0E1 /* 1.jpg */; };
		0F0A9BD1197E454C00E3C0E1 /* AlphaBG.jpg in Resources */ = {isa = PBXBuildFile; fileRef = 0F0A9BD0197E454C00E3C0E1 /* AlphaBG.jpg */; };
		0F0A9BD4197E561E00E3C0E1 /* VISViewCreator.m in Sources */ = {isa = PBXBuildFile; fileRef = 0F0A9BD3197E561E00E3C0E1 /* VISViewCreator.m */; };
		0F0A9BD7197E786200E3C0E1 /* VISLabel.m in Sources */ = {isa = PBXBuildFile; fileRef = 0F0A9BD6197E786200E3C0E1 /* VISLabel.m */; };
		0F0A9BDA197E808600E3C0E1 /* UPLineView.m in Sources */ = {isa = PBXBuildFile; fileRef = 0F0A9BD9197E808600E3C0E1 /* UPLineView.m */; };
		0F54F168197239A900217BE2 /* IconCalendar@2x.png in Resources */ = {isa = PBXBuildFile; fileRef = 0F54F162197239A900217BE2 /* IconCalendar@2x.png */; };
		0F54F169197239A900217BE2 /* IconEmpty@2x.png in Resources */ = {isa = PBXBuildFile; fileRef = 0F54F163197239A900217BE2 /* IconEmpty@2x.png */; };
		0F54F16A197239A900217BE2 /* IconHome@2x.png in Resources */ = {isa = PBXBuildFile; fileRef = 0F54F164197239A900217BE2 /* IconHome@2x.png */; };
		0F54F16B197239A900217BE2 /* IconProfile@2x.png in Resources */ = {isa = PBXBuildFile; fileRef = 0F54F165197239A900217BE2 /* IconProfile@2x.png */; };
		0F54F16C197239A900217BE2 /* IconSettings@2x.png in Resources */ = {isa = PBXBuildFile; fileRef = 0F54F166197239A900217BE2 /* IconSettings@2x.png */; };
		0F54F16D197239A900217BE2 /* MenuBackground@2x.png in Resources */ = {isa = PBXBuildFile; fileRef = 0F54F167197239A900217BE2 /* MenuBackground@2x.png */; };
		0F84EDE2197D3991001B336B /* RedAlert.png in Resources */ = {isa = PBXBuildFile; fileRef = 0F84EDE0197D3991001B336B /* RedAlert.png */; };
		0F84EDE3197D3991001B336B /* YellowAlert.png in Resources */ = {isa = PBXBuildFile; fileRef = 0F84EDE1197D3991001B336B /* YellowAlert.png */; };
		0F84EDE6197D39E5001B336B /* VISDevice.m in Sources */ = {isa = PBXBuildFile; fileRef = 0F84EDE5197D39E5001B336B /* VISDevice.m */; };
		0F8B71B2197F827E008D0C23 /* 01bg_image.png in Resources */ = {isa = PBXBuildFile; fileRef = 0F8B71B1197F827E008D0C23 /* 01bg_image.png */; };
		0F8B71BE197F8DB3008D0C23 /* 06.jpg in Resources */ = {isa = PBXBuildFile; fileRef = 0F8B71BD197F8DB3008D0C23 /* 06.jpg */; };
		0FA42530196A689700D85399 /* Foundation.framework in Frameworks */ = {isa = PBXBuildFile; fileRef = 0FA4252F196A689700D85399 /* Foundation.framework */; };
		0FA42532196A689700D85399 /* CoreGraphics.framework in Frameworks */ = {isa = PBXBuildFile; fileRef = 0FA42531196A689700D85399 /* CoreGraphics.framework */; };
		0FA42534196A689700D85399 /* UIKit.framework in Frameworks */ = {isa = PBXBuildFile; fileRef = 0FA42533196A689700D85399 /* UIKit.framework */; };
		0FA4253A196A689700D85399 /* InfoPlist.strings in Resources */ = {isa = PBXBuildFile; fileRef = 0FA42538196A689700D85399 /* InfoPlist.strings */; };
		0FA4253C196A689700D85399 /* main.m in Sources */ = {isa = PBXBuildFile; fileRef = 0FA4253B196A689700D85399 /* main.m */; };
		0FA42540196A689700D85399 /* WLAppDelegate.m in Sources */ = {isa = PBXBuildFile; fileRef = 0FA4253F196A689700D85399 /* WLAppDelegate.m */; };
		0FA42542196A689700D85399 /* Images.xcassets in Resources */ = {isa = PBXBuildFile; fileRef = 0FA42541196A689700D85399 /* Images.xcassets */; };
		0FA42549196A689700D85399 /* XCTest.framework in Frameworks */ = {isa = PBXBuildFile; fileRef = 0FA42548196A689700D85399 /* XCTest.framework */; };
		0FA4254A196A689700D85399 /* Foundation.framework in Frameworks */ = {isa = PBXBuildFile; fileRef = 0FA4252F196A689700D85399 /* Foundation.framework */; };
		0FA4254B196A689700D85399 /* UIKit.framework in Frameworks */ = {isa = PBXBuildFile; fileRef = 0FA42533196A689700D85399 /* UIKit.framework */; };
		0FA42553196A689700D85399 /* InfoPlist.strings in Resources */ = {isa = PBXBuildFile; fileRef = 0FA42551196A689700D85399 /* InfoPlist.strings */; };
		0FA42555196A689700D85399 /* VISCubeTests.m in Sources */ = {isa = PBXBuildFile; fileRef = 0FA42554196A689700D85399 /* VISCubeTests.m */; };
		0FA4258C196A6BE900D85399 /* MKNetworkEngine.m in Sources */ = {isa = PBXBuildFile; fileRef = 0FA4257A196A6BE900D85399 /* MKNetworkEngine.m */; };
		0FA4258D196A6BE900D85399 /* MKNetworkOperation.m in Sources */ = {isa = PBXBuildFile; fileRef = 0FA4257D196A6BE900D85399 /* MKNetworkOperation.m */; };
		0FA4258E196A6BE900D85399 /* Reachability.m in Sources */ = {isa = PBXBuildFile; fileRef = 0FA42580196A6BE900D85399 /* Reachability.m */; };
		0FA42594196A71A600D85399 /* VISNavigationController.m in Sources */ = {isa = PBXBuildFile; fileRef = 0FA42593196A71A600D85399 /* VISNavigationController.m */; };
		0FA42597196A71CC00D85399 /* VISNavigationBar.m in Sources */ = {isa = PBXBuildFile; fileRef = 0FA42596196A71CC00D85399 /* VISNavigationBar.m */; };
		0FA4259A196A71E300D85399 /* VISBaseViewController.m in Sources */ = {isa = PBXBuildFile; fileRef = 0FA42599196A71E300D85399 /* VISBaseViewController.m */; };
		0FA425A1196A79E000D85399 /* VISLoginViewController.m in Sources */ = {isa = PBXBuildFile; fileRef = 0FA425A0196A79E000D85399 /* VISLoginViewController.m */; };
		0FA425AE196BF58B00D85399 /* RECommonFunctions.m in Sources */ = {isa = PBXBuildFile; fileRef = 0FA425A9196BF58B00D85399 /* RECommonFunctions.m */; };
		0FA425AF196BF58B00D85399 /* RESideMenu.m in Sources */ = {isa = PBXBuildFile; fileRef = 0FA425AB196BF58B00D85399 /* RESideMenu.m */; };
		0FA425B0196BF58B00D85399 /* UIViewController+RESideMenu.m in Sources */ = {isa = PBXBuildFile; fileRef = 0FA425AD196BF58B00D85399 /* UIViewController+RESideMenu.m */; };
		0FA425B8196BFE5500D85399 /* VISHomeViewController.m in Sources */ = {isa = PBXBuildFile; fileRef = 0FA425B7196BFE5500D85399 /* VISHomeViewController.m */; };
		0FA425C0196C090600D85399 /* UIImage+ImageEffects.m in Sources */ = {isa = PBXBuildFile; fileRef = 0FA425BD196C090600D85399 /* UIImage+ImageEffects.m */; };
		0FA425C4196C12BA00D85399 /* VISRootViewController.m in Sources */ = {isa = PBXBuildFile; fileRef = 0FA425C3196C12BA00D85399 /* VISRootViewController.m */; };
		0FA425C9196C149300D85399 /* HomeBG.jpg in Resources */ = {isa = PBXBuildFile; fileRef = 0FA425C8196C149300D85399 /* HomeBG.jpg */; };
		0FA6C7A4196F784D005127E1 /* UPDeviceInfo.m in Sources */ = {isa = PBXBuildFile; fileRef = 0FA6C7A1196F784D005127E1 /* UPDeviceInfo.m */; };
		0FAB2A46197692E40077DBFD /* PNBar.m in Sources */ = {isa = PBXBuildFile; fileRef = 0FAB2A3B197692E40077DBFD /* PNBar.m */; };
		0FAB2A47197692E40077DBFD /* PNBarChart.m in Sources */ = {isa = PBXBuildFile; fileRef = 0FAB2A3D197692E40077DBFD /* PNBarChart.m */; };
		0FAB2A49197692E40077DBFD /* PNChartLabel.m in Sources */ = {isa = PBXBuildFile; fileRef = 0FAB2A41197692E40077DBFD /* PNChartLabel.m */; };
		0FAB2A4A197692E40077DBFD /* PNColor.m in Sources */ = {isa = PBXBuildFile; fileRef = 0FAB2A43197692E40077DBFD /* PNColor.m */; };
		0FAB2A4B197692E40077DBFD /* PNLineChart.m in Sources */ = {isa = PBXBuildFile; fileRef = 0FAB2A45197692E40077DBFD /* PNLineChart.m */; };
		0FAFC013196D1C890075AB71 /* VISLeftMenuViewController.m in Sources */ = {isa = PBXBuildFile; fileRef = 0FAFC012196D1C890075AB71 /* VISLeftMenuViewController.m */; };
		0FAFC016196D1DC60075AB71 /* Stars@2x.png in Resources */ = {isa = PBXBuildFile; fileRef = 0FAFC015196D1DC60075AB71 /* Stars@2x.png */; };
		0FAFC01A196D1E440075AB71 /* VISSourceManager.m in Sources */ = {isa = PBXBuildFile; fileRef = 0FAFC019196D1E440075AB71 /* VISSourceManager.m */; };
		0FAFC01C196D53730075AB71 /* Balloon@2x.png in Resources */ = {isa = PBXBuildFile; fileRef = 0FAFC01B196D53730075AB71 /* Balloon@2x.png */; };
/* End PBXBuildFile section */

/* Begin PBXContainerItemProxy section */
		0FA4254C196A689700D85399 /* PBXContainerItemProxy */ = {
			isa = PBXContainerItemProxy;
			containerPortal = 0FA42524196A689700D85399 /* Project object */;
			proxyType = 1;
			remoteGlobalIDString = 0FA4252B196A689700D85399;
			remoteInfo = VISCube;
		};
/* End PBXContainerItemProxy section */

/* Begin PBXFileReference section */
		0F0A9BC4197E0CE500E3C0E1 /* Manager.jpg */ = {isa = PBXFileReference; lastKnownFileType = image.jpeg; path = Manager.jpg; sourceTree = "<group>"; };
		0F0A9BC7197E2CD000E3C0E1 /* CPKenburnsView.h */ = {isa = PBXFileReference; fileEncoding = 4; lastKnownFileType = sourcecode.c.h; path = CPKenburnsView.h; sourceTree = "<group>"; };
		0F0A9BC8197E2CD000E3C0E1 /* CPKenburnsView.m */ = {isa = PBXFileReference; fileEncoding = 4; lastKnownFileType = sourcecode.c.objc; path = CPKenburnsView.m; sourceTree = "<group>"; };
		0F0A9BCA197E2DB300E3C0E1 /* 1.jpg */ = {isa = PBXFileReference; lastKnownFileType = image.jpeg; path = 1.jpg; sourceTree = "<group>"; };
		0F0A9BD0197E454C00E3C0E1 /* AlphaBG.jpg */ = {isa = PBXFileReference; lastKnownFileType = image.jpeg; path = AlphaBG.jpg; sourceTree = "<group>"; };
		0F0A9BD2197E561E00E3C0E1 /* VISViewCreator.h */ = {isa = PBXFileReference; fileEncoding = 4; lastKnownFileType = sourcecode.c.h; path = VISViewCreator.h; sourceTree = "<group>"; };
		0F0A9BD3197E561E00E3C0E1 /* VISViewCreator.m */ = {isa = PBXFileReference; fileEncoding = 4; lastKnownFileType = sourcecode.c.objc; path = VISViewCreator.m; sourceTree = "<group>"; };
		0F0A9BD5197E786200E3C0E1 /* VISLabel.h */ = {isa = PBXFileReference; fileEncoding = 4; lastKnownFileType = sourcecode.c.h; path = VISLabel.h; sourceTree = "<group>"; };
		0F0A9BD6197E786200E3C0E1 /* VISLabel.m */ = {isa = PBXFileReference; fileEncoding = 4; lastKnownFileType = sourcecode.c.objc; path = VISLabel.m; sourceTree = "<group>"; };
		0F0A9BD8197E808600E3C0E1 /* UPLineView.h */ = {isa = PBXFileReference; fileEncoding = 4; lastKnownFileType = sourcecode.c.h; path = UPLineView.h; sourceTree = "<group>"; };
		0F0A9BD9197E808600E3C0E1 /* UPLineView.m */ = {isa = PBXFileReference; fileEncoding = 4; lastKnownFileType = sourcecode.c.objc; path = UPLineView.m; sourceTree = "<group>"; };
		0F54F162197239A900217BE2 /* IconCalendar@2x.png */ = {isa = PBXFileReference; lastKnownFileType = image.png; path = "IconCalendar@2x.png"; sourceTree = "<group>"; };
		0F54F163197239A900217BE2 /* IconEmpty@2x.png */ = {isa = PBXFileReference; lastKnownFileType = image.png; path = "IconEmpty@2x.png"; sourceTree = "<group>"; };
		0F54F164197239A900217BE2 /* IconHome@2x.png */ = {isa = PBXFileReference; lastKnownFileType = image.png; path = "IconHome@2x.png"; sourceTree = "<group>"; };
		0F54F165197239A900217BE2 /* IconProfile@2x.png */ = {isa = PBXFileReference; lastKnownFileType = image.png; path = "IconProfile@2x.png"; sourceTree = "<group>"; };
		0F54F166197239A900217BE2 /* IconSettings@2x.png */ = {isa = PBXFileReference; lastKnownFileType = image.png; path = "IconSettings@2x.png"; sourceTree = "<group>"; };
		0F54F167197239A900217BE2 /* MenuBackground@2x.png */ = {isa = PBXFileReference; lastKnownFileType = image.png; path = "MenuBackground@2x.png"; sourceTree = "<group>"; };
		0F84EDDC197D3630001B336B /* VISColors.h */ = {isa = PBXFileReference; fileEncoding = 4; lastKnownFileType = sourcecode.c.h; path = VISColors.h; sourceTree = "<group>"; };
		0F84EDE0197D3991001B336B /* RedAlert.png */ = {isa = PBXFileReference; lastKnownFileType = image.png; path = RedAlert.png; sourceTree = "<group>"; };
		0F84EDE1197D3991001B336B /* YellowAlert.png */ = {isa = PBXFileReference; lastKnownFileType = image.png; path = YellowAlert.png; sourceTree = "<group>"; };
		0F84EDE4197D39E5001B336B /* VISDevice.h */ = {isa = PBXFileReference; fileEncoding = 4; lastKnownFileType = sourcecode.c.h; path = VISDevice.h; sourceTree = "<group>"; };
		0F84EDE5197D39E5001B336B /* VISDevice.m */ = {isa = PBXFileReference; fileEncoding = 4; lastKnownFileType = sourcecode.c.objc; path = VISDevice.m; sourceTree = "<group>"; };
		0F84EDE7197D3BDB001B336B /* VISConsts.h */ = {isa = PBXFileReference; fileEncoding = 4; lastKnownFileType = sourcecode.c.h; path = VISConsts.h; sourceTree = "<group>"; };
		0F8B71B1197F827E008D0C23 /* 01bg_image.png */ = {isa = PBXFileReference; lastKnownFileType = image.png; path = 01bg_image.png; sourceTree = "<group>"; };
		0F8B71BD197F8DB3008D0C23 /* 06.jpg */ = {isa = PBXFileReference; lastKnownFileType = image.jpeg; path = 06.jpg; sourceTree = "<group>"; };
		0FA4252C196A689700D85399 /* VISCube.app */ = {isa = PBXFileReference; explicitFileType = wrapper.application; includeInIndex = 0; path = VISCube.app; sourceTree = BUILT_PRODUCTS_DIR; };
		0FA4252F196A689700D85399 /* Foundation.framework */ = {isa = PBXFileReference; lastKnownFileType = wrapper.framework; name = Foundation.framework; path = System/Library/Frameworks/Foundation.framework; sourceTree = SDKROOT; };
		0FA42531196A689700D85399 /* CoreGraphics.framework */ = {isa = PBXFileReference; lastKnownFileType = wrapper.framework; name = CoreGraphics.framework; path = System/Library/Frameworks/CoreGraphics.framework; sourceTree = SDKROOT; };
		0FA42533196A689700D85399 /* UIKit.framework */ = {isa = PBXFileReference; lastKnownFileType = wrapper.framework; name = UIKit.framework; path = System/Library/Frameworks/UIKit.framework; sourceTree = SDKROOT; };
		0FA42537196A689700D85399 /* VISCube-Info.plist */ = {isa = PBXFileReference; lastKnownFileType = text.plist.xml; path = "VISCube-Info.plist"; sourceTree = "<group>"; };
		0FA42539196A689700D85399 /* en */ = {isa = PBXFileReference; lastKnownFileType = text.plist.strings; name = en; path = en.lproj/InfoPlist.strings; sourceTree = "<group>"; };
		0FA4253B196A689700D85399 /* main.m */ = {isa = PBXFileReference; lastKnownFileType = sourcecode.c.objc; path = main.m; sourceTree = "<group>"; };
		0FA4253D196A689700D85399 /* VISCube-Prefix.pch */ = {isa = PBXFileReference; lastKnownFileType = sourcecode.c.h; path = "VISCube-Prefix.pch"; sourceTree = "<group>"; };
		0FA4253E196A689700D85399 /* WLAppDelegate.h */ = {isa = PBXFileReference; lastKnownFileType = sourcecode.c.h; path = WLAppDelegate.h; sourceTree = "<group>"; };
		0FA4253F196A689700D85399 /* WLAppDelegate.m */ = {isa = PBXFileReference; lastKnownFileType = sourcecode.c.objc; path = WLAppDelegate.m; sourceTree = "<group>"; };
		0FA42541196A689700D85399 /* Images.xcassets */ = {isa = PBXFileReference; lastKnownFileType = folder.assetcatalog; path = Images.xcassets; sourceTree = "<group>"; };
		0FA42547196A689700D85399 /* VISCubeTests.xctest */ = {isa = PBXFileReference; explicitFileType = wrapper.cfbundle; includeInIndex = 0; path = VISCubeTests.xctest; sourceTree = BUILT_PRODUCTS_DIR; };
		0FA42548196A689700D85399 /* XCTest.framework */ = {isa = PBXFileReference; lastKnownFileType = wrapper.framework; name = XCTest.framework; path = Library/Frameworks/XCTest.framework; sourceTree = DEVELOPER_DIR; };
		0FA42550196A689700D85399 /* VISCubeTests-Info.plist */ = {isa = PBXFileReference; lastKnownFileType = text.plist.xml; path = "VISCubeTests-Info.plist"; sourceTree = "<group>"; };
		0FA42552196A689700D85399 /* en */ = {isa = PBXFileReference; lastKnownFileType = text.plist.strings; name = en; path = en.lproj/InfoPlist.strings; sourceTree = "<group>"; };
		0FA42554196A689700D85399 /* VISCubeTests.m */ = {isa = PBXFileReference; lastKnownFileType = sourcecode.c.objc; path = VISCubeTests.m; sourceTree = "<group>"; };
		0FA42579196A6BE900D85399 /* MKNetworkEngine.h */ = {isa = PBXFileReference; fileEncoding = 4; lastKnownFileType = sourcecode.c.h; path = MKNetworkEngine.h; sourceTree = "<group>"; };
		0FA4257A196A6BE900D85399 /* MKNetworkEngine.m */ = {isa = PBXFileReference; fileEncoding = 4; lastKnownFileType = sourcecode.c.objc; path = MKNetworkEngine.m; sourceTree = "<group>"; };
		0FA4257B196A6BE900D85399 /* MKNetworkKit.h */ = {isa = PBXFileReference; fileEncoding = 4; lastKnownFileType = sourcecode.c.h; path = MKNetworkKit.h; sourceTree = "<group>"; };
		0FA4257C196A6BE900D85399 /* MKNetworkOperation.h */ = {isa = PBXFileReference; fileEncoding = 4; lastKnownFileType = sourcecode.c.h; path = MKNetworkOperation.h; sourceTree = "<group>"; };
		0FA4257D196A6BE900D85399 /* MKNetworkOperation.m */ = {isa = PBXFileReference; fileEncoding = 4; lastKnownFileType = sourcecode.c.objc; path = MKNetworkOperation.m; sourceTree = "<group>"; };
		0FA4257F196A6BE900D85399 /* Reachability.h */ = {isa = PBXFileReference; fileEncoding = 4; lastKnownFileType = sourcecode.c.h; path = Reachability.h; sourceTree = "<group>"; };
		0FA42580196A6BE900D85399 /* Reachability.m */ = {isa = PBXFileReference; fileEncoding = 4; lastKnownFileType = sourcecode.c.objc; path = Reachability.m; sourceTree = "<group>"; };
		0FA42592196A71A600D85399 /* VISNavigationController.h */ = {isa = PBXFileReference; fileEncoding = 4; lastKnownFileType = sourcecode.c.h; path = VISNavigationController.h; sourceTree = "<group>"; };
		0FA42593196A71A600D85399 /* VISNavigationController.m */ = {isa = PBXFileReference; fileEncoding = 4; lastKnownFileType = sourcecode.c.objc; path = VISNavigationController.m; sourceTree = "<group>"; };
		0FA42595196A71CC00D85399 /* VISNavigationBar.h */ = {isa = PBXFileReference; fileEncoding = 4; lastKnownFileType = sourcecode.c.h; path = VISNavigationBar.h; sourceTree = "<group>"; };
		0FA42596196A71CC00D85399 /* VISNavigationBar.m */ = {isa = PBXFileReference; fileEncoding = 4; lastKnownFileType = sourcecode.c.objc; path = VISNavigationBar.m; sourceTree = "<group>"; };
		0FA42598196A71E300D85399 /* VISBaseViewController.h */ = {isa = PBXFileReference; fileEncoding = 4; lastKnownFileType = sourcecode.c.h; path = VISBaseViewController.h; sourceTree = "<group>"; };
		0FA42599196A71E300D85399 /* VISBaseViewController.m */ = {isa = PBXFileReference; fileEncoding = 4; lastKnownFileType = sourcecode.c.objc; path = VISBaseViewController.m; sourceTree = "<group>"; };
		0FA4259F196A79E000D85399 /* VISLoginViewController.h */ = {isa = PBXFileReference; fileEncoding = 4; lastKnownFileType = sourcecode.c.h; path = VISLoginViewController.h; sourceTree = "<group>"; };
		0FA425A0196A79E000D85399 /* VISLoginViewController.m */ = {isa = PBXFileReference; fileEncoding = 4; lastKnownFileType = sourcecode.c.objc; path = VISLoginViewController.m; sourceTree = "<group>"; };
		0FA425A8196BF58B00D85399 /* RECommonFunctions.h */ = {isa = PBXFileReference; fileEncoding = 4; lastKnownFileType = sourcecode.c.h; path = RECommonFunctions.h; sourceTree = "<group>"; };
		0FA425A9196BF58B00D85399 /* RECommonFunctions.m */ = {isa = PBXFileReference; fileEncoding = 4; lastKnownFileType = sourcecode.c.objc; path = RECommonFunctions.m; sourceTree = "<group>"; };
		0FA425AA196BF58B00D85399 /* RESideMenu.h */ = {isa = PBXFileReference; fileEncoding = 4; lastKnownFileType = sourcecode.c.h; path = RESideMenu.h; sourceTree = "<group>"; };
		0FA425AB196BF58B00D85399 /* RESideMenu.m */ = {isa = PBXFileReference; fileEncoding = 4; lastKnownFileType = sourcecode.c.objc; path = RESideMenu.m; sourceTree = "<group>"; };
		0FA425AC196BF58B00D85399 /* UIViewController+RESideMenu.h */ = {isa = PBXFileReference; fileEncoding = 4; lastKnownFileType = sourcecode.c.h; path = "UIViewController+RESideMenu.h"; sourceTree = "<group>"; };
		0FA425AD196BF58B00D85399 /* UIViewController+RESideMenu.m */ = {isa = PBXFileReference; fileEncoding = 4; lastKnownFileType = sourcecode.c.objc; path = "UIViewController+RESideMenu.m"; sourceTree = "<group>"; };
		0FA425B6196BFE5500D85399 /* VISHomeViewController.h */ = {isa = PBXFileReference; fileEncoding = 4; lastKnownFileType = sourcecode.c.h; path = VISHomeViewController.h; sourceTree = "<group>"; };
		0FA425B7196BFE5500D85399 /* VISHomeViewController.m */ = {isa = PBXFileReference; fileEncoding = 4; lastKnownFileType = sourcecode.c.objc; path = VISHomeViewController.m; sourceTree = "<group>"; };
		0FA425BC196C090600D85399 /* UIImage+ImageEffects.h */ = {isa = PBXFileReference; fileEncoding = 4; lastKnownFileType = sourcecode.c.h; path = "UIImage+ImageEffects.h"; sourceTree = "<group>"; };
		0FA425BD196C090600D85399 /* UIImage+ImageEffects.m */ = {isa = PBXFileReference; fileEncoding = 4; lastKnownFileType = sourcecode.c.objc; path = "UIImage+ImageEffects.m"; sourceTree = "<group>"; };
		0FA425C2196C12BA00D85399 /* VISRootViewController.h */ = {isa = PBXFileReference; fileEncoding = 4; lastKnownFileType = sourcecode.c.h; path = VISRootViewController.h; sourceTree = "<group>"; };
		0FA425C3196C12BA00D85399 /* VISRootViewController.m */ = {isa = PBXFileReference; fileEncoding = 4; lastKnownFileType = sourcecode.c.objc; path = VISRootViewController.m; sourceTree = "<group>"; };
		0FA425C8196C149300D85399 /* HomeBG.jpg */ = {isa = PBXFileReference; lastKnownFileType = image.jpeg; path = HomeBG.jpg; sourceTree = "<group>"; };
		0FA6C7A0196F784D005127E1 /* UPDeviceInfo.h */ = {isa = PBXFileReference; fileEncoding = 4; lastKnownFileType = sourcecode.c.h; path = UPDeviceInfo.h; sourceTree = "<group>"; };
		0FA6C7A1196F784D005127E1 /* UPDeviceInfo.m */ = {isa = PBXFileReference; fileEncoding = 4; lastKnownFileType = sourcecode.c.objc; path = UPDeviceInfo.m; sourceTree = "<group>"; };
		0FA6C7A7196F7A84005127E1 /* UPMacros.h */ = {isa = PBXFileReference; fileEncoding = 4; lastKnownFileType = sourcecode.c.h; path = UPMacros.h; sourceTree = "<group>"; };
		0FAB2A3A197692E40077DBFD /* PNBar.h */ = {isa = PBXFileReference; fileEncoding = 4; lastKnownFileType = sourcecode.c.h; path = PNBar.h; sourceTree = "<group>"; };
		0FAB2A3B197692E40077DBFD /* PNBar.m */ = {isa = PBXFileReference; fileEncoding = 4; lastKnownFileType = sourcecode.c.objc; path = PNBar.m; sourceTree = "<group>"; };
		0FAB2A3C197692E40077DBFD /* PNBarChart.h */ = {isa = PBXFileReference; fileEncoding = 4; lastKnownFileType = sourcecode.c.h; path = PNBarChart.h; sourceTree = "<group>"; };
		0FAB2A3D197692E40077DBFD /* PNBarChart.m */ = {isa = PBXFileReference; fileEncoding = 4; lastKnownFileType = sourcecode.c.objc; path = PNBarChart.m; sourceTree = "<group>"; };
		0FAB2A40197692E40077DBFD /* PNChartLabel.h */ = {isa = PBXFileReference; fileEncoding = 4; lastKnownFileType = sourcecode.c.h; path = PNChartLabel.h; sourceTree = "<group>"; };
		0FAB2A41197692E40077DBFD /* PNChartLabel.m */ = {isa = PBXFileReference; fileEncoding = 4; lastKnownFileType = sourcecode.c.objc; path = PNChartLabel.m; sourceTree = "<group>"; };
		0FAB2A42197692E40077DBFD /* PNColor.h */ = {isa = PBXFileReference; fileEncoding = 4; lastKnownFileType = sourcecode.c.h; path = PNColor.h; sourceTree = "<group>"; };
		0FAB2A43197692E40077DBFD /* PNColor.m */ = {isa = PBXFileReference; fileEncoding = 4; lastKnownFileType = sourcecode.c.objc; path = PNColor.m; sourceTree = "<group>"; };
		0FAB2A44197692E40077DBFD /* PNLineChart.h */ = {isa = PBXFileReference; fileEncoding = 4; lastKnownFileType = sourcecode.c.h; path = PNLineChart.h; sourceTree = "<group>"; };
		0FAB2A45197692E40077DBFD /* PNLineChart.m */ = {isa = PBXFileReference; fileEncoding = 4; lastKnownFileType = sourcecode.c.objc; path = PNLineChart.m; sourceTree = "<group>"; };
		0FAFC011196D1C890075AB71 /* VISLeftMenuViewController.h */ = {isa = PBXFileReference; fileEncoding = 4; lastKnownFileType = sourcecode.c.h; path = VISLeftMenuViewController.h; sourceTree = "<group>"; };
		0FAFC012196D1C890075AB71 /* VISLeftMenuViewController.m */ = {isa = PBXFileReference; fileEncoding = 4; lastKnownFileType = sourcecode.c.objc; path = VISLeftMenuViewController.m; sourceTree = "<group>"; };
		0FAFC015196D1DC60075AB71 /* Stars@2x.png */ = {isa = PBXFileReference; lastKnownFileType = image.png; path = "Stars@2x.png"; sourceTree = "<group>"; };
		0FAFC018196D1E440075AB71 /* VISSourceManager.h */ = {isa = PBXFileReference; fileEncoding = 4; lastKnownFileType = sourcecode.c.h; path = VISSourceManager.h; sourceTree = "<group>"; };
		0FAFC019196D1E440075AB71 /* VISSourceManager.m */ = {isa = PBXFileReference; fileEncoding = 4; lastKnownFileType = sourcecode.c.objc; path = VISSourceManager.m; sourceTree = "<group>"; };
		0FAFC01B196D53730075AB71 /* Balloon@2x.png */ = {isa = PBXFileReference; lastKnownFileType = image.png; path = "Balloon@2x.png"; sourceTree = "<group>"; };
/* End PBXFileReference section */

/* Begin PBXFrameworksBuildPhase section */
		0FA42529196A689700D85399 /* Frameworks */ = {
			isa = PBXFrameworksBuildPhase;
			buildActionMask = 2147483647;
			files = (
				0FA42532196A689700D85399 /* CoreGraphics.framework in Frameworks */,
				0FA42534196A689700D85399 /* UIKit.framework in Frameworks */,
				0FA42530196A689700D85399 /* Foundation.framework in Frameworks */,
			);
			runOnlyForDeploymentPostprocessing = 0;
		};
		0FA42544196A689700D85399 /* Frameworks */ = {
			isa = PBXFrameworksBuildPhase;
			buildActionMask = 2147483647;
			files = (
				0FA42549196A689700D85399 /* XCTest.framework in Frameworks */,
				0FA4254B196A689700D85399 /* UIKit.framework in Frameworks */,
				0FA4254A196A689700D85399 /* Foundation.framework in Frameworks */,
			);
			runOnlyForDeploymentPostprocessing = 0;
		};
/* End PBXFrameworksBuildPhase section */

/* Begin PBXGroup section */
		0F0A9BC6197E2CD000E3C0E1 /* CPKenburnsView */ = {
			isa = PBXGroup;
			children = (
				0F0A9BC7197E2CD000E3C0E1 /* CPKenburnsView.h */,
				0F0A9BC8197E2CD000E3C0E1 /* CPKenburnsView.m */,
			);
			path = CPKenburnsView;
			sourceTree = "<group>";
		};
		0F84EDDF197D3991001B336B /* Alert */ = {
			isa = PBXGroup;
			children = (
				0F84EDE0197D3991001B336B /* RedAlert.png */,
				0F84EDE1197D3991001B336B /* YellowAlert.png */,
			);
			path = Alert;
			sourceTree = "<group>";
		};
		0FA42523196A689700D85399 = {
			isa = PBXGroup;
			children = (
				0FA42535196A689700D85399 /* VISCube */,
				0FA4254E196A689700D85399 /* VISCubeTests */,
				0FA4252E196A689700D85399 /* Frameworks */,
				0FA4252D196A689700D85399 /* Products */,
			);
			sourceTree = "<group>";
		};
		0FA4252D196A689700D85399 /* Products */ = {
			isa = PBXGroup;
			children = (
				0FA4252C196A689700D85399 /* VISCube.app */,
				0FA42547196A689700D85399 /* VISCubeTests.xctest */,
			);
			name = Products;
			sourceTree = "<group>";
		};
		0FA4252E196A689700D85399 /* Frameworks */ = {
			isa = PBXGroup;
			children = (
				0FA4252F196A689700D85399 /* Foundation.framework */,
				0FA42531196A689700D85399 /* CoreGraphics.framework */,
				0FA42533196A689700D85399 /* UIKit.framework */,
				0FA42548196A689700D85399 /* XCTest.framework */,
			);
			name = Frameworks;
			sourceTree = "<group>";
		};
		0FA42535196A689700D85399 /* VISCube */ = {
			isa = PBXGroup;
			children = (
				0FA6C7A6196F7A53005127E1 /* Macros */,
				0FA6C79F196F784D005127E1 /* Helper */,
				0FA425C5196C149300D85399 /* Resources */,
				0FA4255E196A6BE900D85399 /* General */,
				0FA42566196A6BE900D85399 /* Vendors */,
				0FA4253E196A689700D85399 /* WLAppDelegate.h */,
				0FA4253F196A689700D85399 /* WLAppDelegate.m */,
				0FA42541196A689700D85399 /* Images.xcassets */,
				0FA42536196A689700D85399 /* Supporting Files */,
			);
			path = VISCube;
			sourceTree = "<group>";
		};
		0FA42536196A689700D85399 /* Supporting Files */ = {
			isa = PBXGroup;
			children = (
				0FA42537196A689700D85399 /* VISCube-Info.plist */,
				0FA42538196A689700D85399 /* InfoPlist.strings */,
				0FA4253B196A689700D85399 /* main.m */,
				0FA4253D196A689700D85399 /* VISCube-Prefix.pch */,
			);
			name = "Supporting Files";
			sourceTree = "<group>";
		};
		0FA4254E196A689700D85399 /* VISCubeTests */ = {
			isa = PBXGroup;
			children = (
				0FA42554196A689700D85399 /* VISCubeTests.m */,
				0FA4254F196A689700D85399 /* Supporting Files */,
			);
			path = VISCubeTests;
			sourceTree = "<group>";
		};
		0FA4254F196A689700D85399 /* Supporting Files */ = {
			isa = PBXGroup;
			children = (
				0FA42550196A689700D85399 /* VISCubeTests-Info.plist */,
				0FA42551196A689700D85399 /* InfoPlist.strings */,
			);
			name = "Supporting Files";
			sourceTree = "<group>";
		};
		0FA4255E196A6BE900D85399 /* General */ = {
			isa = PBXGroup;
			children = (
				0FAFC017196D1E140075AB71 /* Models */,
				0FA4258F196A6F7300D85399 /* Controllers */,
				0FA42591196A6F7300D85399 /* Views */,
				0FA4255F196A6BE900D85399 /* menu */,
			);
			path = General;
			sourceTree = "<group>";
		};
		0FA4255F196A6BE900D85399 /* menu */ = {
			isa = PBXGroup;
			children = (
				0FAFC011196D1C890075AB71 /* VISLeftMenuViewController.h */,
				0FAFC012196D1C890075AB71 /* VISLeftMenuViewController.m */,
			);
			path = menu;
			sourceTree = "<group>";
		};
		0FA42566196A6BE900D85399 /* Vendors */ = {
			isa = PBXGroup;
			children = (
				0F0A9BC6197E2CD000E3C0E1 /* CPKenburnsView */,
				0FAB2A39197692E40077DBFD /* PNChart */,
				0FA425BB196C090600D85399 /* FrostedGlass */,
				0FA425A7196BF58B00D85399 /* RESideMenu */,
				0FA42567196A6BE900D85399 /* MKNetworkKit */,
			);
			path = Vendors;
			sourceTree = "<group>";
		};
		0FA42567196A6BE900D85399 /* MKNetworkKit */ = {
			isa = PBXGroup;
			children = (
				0FA42579196A6BE900D85399 /* MKNetworkEngine.h */,
				0FA4257A196A6BE900D85399 /* MKNetworkEngine.m */,
				0FA4257B196A6BE900D85399 /* MKNetworkKit.h */,
				0FA4257C196A6BE900D85399 /* MKNetworkOperation.h */,
				0FA4257D196A6BE900D85399 /* MKNetworkOperation.m */,
				0FA4257E196A6BE900D85399 /* Reachability */,
			);
			path = MKNetworkKit;
			sourceTree = "<group>";
		};
		0FA4257E196A6BE900D85399 /* Reachability */ = {
			isa = PBXGroup;
			children = (
				0FA4257F196A6BE900D85399 /* Reachability.h */,
				0FA42580196A6BE900D85399 /* Reachability.m */,
			);
			path = Reachability;
			sourceTree = "<group>";
		};
		0FA4258F196A6F7300D85399 /* Controllers */ = {
			isa = PBXGroup;
			children = (
				0FA425B1196BFE0A00D85399 /* Butler */,
				0FA425B2196BFE0A00D85399 /* Cube */,
				0FA425B3196BFE0A00D85399 /* Home */,
				0FA425B4196BFE0A00D85399 /* Secretary */,
				0FA425B5196BFE0A00D85399 /* Store */,
				0FA4259E196A78D100D85399 /* User */,
				0FA42590196A6F7300D85399 /* Base */,
			);
			path = Controllers;
			sourceTree = "<group>";
		};
		0FA42590196A6F7300D85399 /* Base */ = {
			isa = PBXGroup;
			children = (
				0FA42592196A71A600D85399 /* VISNavigationController.h */,
				0FA42593196A71A600D85399 /* VISNavigationController.m */,
				0FA42595196A71CC00D85399 /* VISNavigationBar.h */,
				0FA42596196A71CC00D85399 /* VISNavigationBar.m */,
				0FA42598196A71E300D85399 /* VISBaseViewController.h */,
				0FA42599196A71E300D85399 /* VISBaseViewController.m */,
			);
			path = Base;
			sourceTree = "<group>";
		};
		0FA42591196A6F7300D85399 /* Views */ = {
			isa = PBXGroup;
			children = (
				0F0A9BD8197E808600E3C0E1 /* UPLineView.h */,
				0F0A9BD9197E808600E3C0E1 /* UPLineView.m */,
				0F84EDE4197D39E5001B336B /* VISDevice.h */,
				0F84EDE5197D39E5001B336B /* VISDevice.m */,
				0F0A9BD5197E786200E3C0E1 /* VISLabel.h */,
				0F0A9BD6197E786200E3C0E1 /* VISLabel.m */,
			);
			path = Views;
			sourceTree = "<group>";
		};
		0FA4259E196A78D100D85399 /* User */ = {
			isa = PBXGroup;
			children = (
				0FA4259F196A79E000D85399 /* VISLoginViewController.h */,
				0FA425A0196A79E000D85399 /* VISLoginViewController.m */,
			);
			path = User;
			sourceTree = "<group>";
		};
		0FA425A7196BF58B00D85399 /* RESideMenu */ = {
			isa = PBXGroup;
			children = (
				0FA425A8196BF58B00D85399 /* RECommonFunctions.h */,
				0FA425A9196BF58B00D85399 /* RECommonFunctions.m */,
				0FA425AA196BF58B00D85399 /* RESideMenu.h */,
				0FA425AB196BF58B00D85399 /* RESideMenu.m */,
				0FA425AC196BF58B00D85399 /* UIViewController+RESideMenu.h */,
				0FA425AD196BF58B00D85399 /* UIViewController+RESideMenu.m */,
			);
			path = RESideMenu;
			sourceTree = "<group>";
		};
		0FA425B1196BFE0A00D85399 /* Butler */ = {
			isa = PBXGroup;
			children = (
			);
			path = Butler;
			sourceTree = "<group>";
		};
		0FA425B2196BFE0A00D85399 /* Cube */ = {
			isa = PBXGroup;
			children = (
			);
			path = Cube;
			sourceTree = "<group>";
		};
		0FA425B3196BFE0A00D85399 /* Home */ = {
			isa = PBXGroup;
			children = (
				0FA425C2196C12BA00D85399 /* VISRootViewController.h */,
				0FA425C3196C12BA00D85399 /* VISRootViewController.m */,
				0FA425B6196BFE5500D85399 /* VISHomeViewController.h */,
				0FA425B7196BFE5500D85399 /* VISHomeViewController.m */,
			);
			path = Home;
			sourceTree = "<group>";
		};
		0FA425B4196BFE0A00D85399 /* Secretary */ = {
			isa = PBXGroup;
			children = (
			);
			path = Secretary;
			sourceTree = "<group>";
		};
		0FA425B5196BFE0A00D85399 /* Store */ = {
			isa = PBXGroup;
			children = (
			);
			path = Store;
			sourceTree = "<group>";
		};
		0FA425BB196C090600D85399 /* FrostedGlass */ = {
			isa = PBXGroup;
			children = (
				0FA425BC196C090600D85399 /* UIImage+ImageEffects.h */,
				0FA425BD196C090600D85399 /* UIImage+ImageEffects.m */,
			);
			path = FrostedGlass;
			sourceTree = "<group>";
		};
		0FA425C5196C149300D85399 /* Resources */ = {
			isa = PBXGroup;
			children = (
				0FA425C6196C149300D85399 /* Images */,
			);
			path = Resources;
			sourceTree = "<group>";
		};
		0FA425C6196C149300D85399 /* Images */ = {
			isa = PBXGroup;
			children = (
				0F84EDDF197D3991001B336B /* Alert */,
				0FAFC014196D1DC60075AB71 /* Menu */,
				0FA425C7196C149300D85399 /* Home */,
			);
			path = Images;
			sourceTree = "<group>";
		};
		0FA425C7196C149300D85399 /* Home */ = {
			isa = PBXGroup;
			children = (
				0F8B71BD197F8DB3008D0C23 /* 06.jpg */,
				0F8B71B1197F827E008D0C23 /* 01bg_image.png */,
				0F0A9BD0197E454C00E3C0E1 /* AlphaBG.jpg */,
				0F0A9BCA197E2DB300E3C0E1 /* 1.jpg */,
				0F0A9BC4197E0CE500E3C0E1 /* Manager.jpg */,
				0FAFC01B196D53730075AB71 /* Balloon@2x.png */,
				0FA425C8196C149300D85399 /* HomeBG.jpg */,
			);
			path = Home;
			sourceTree = "<group>";
		};
		0FA6C79F196F784D005127E1 /* Helper */ = {
			isa = PBXGroup;
			children = (
				0FA6C7A0196F784D005127E1 /* UPDeviceInfo.h */,
				0FA6C7A1196F784D005127E1 /* UPDeviceInfo.m */,
				0F0A9BD2197E561E00E3C0E1 /* VISViewCreator.h */,
				0F0A9BD3197E561E00E3C0E1 /* VISViewCreator.m */,
			);
			path = Helper;
			sourceTree = "<group>";
		};
		0FA6C7A6196F7A53005127E1 /* Macros */ = {
			isa = PBXGroup;
			children = (
				0FA6C7A7196F7A84005127E1 /* UPMacros.h */,
				0F84EDDC197D3630001B336B /* VISColors.h */,
				0F84EDE7197D3BDB001B336B /* VISConsts.h */,
			);
			path = Macros;
			sourceTree = "<group>";
		};
		0FAB2A39197692E40077DBFD /* PNChart */ = {
			isa = PBXGroup;
			children = (
				0FAB2A3A197692E40077DBFD /* PNBar.h */,
				0FAB2A3B197692E40077DBFD /* PNBar.m */,
				0FAB2A3C197692E40077DBFD /* PNBarChart.h */,
				0FAB2A3D197692E40077DBFD /* PNBarChart.m */,
				0FAB2A40197692E40077DBFD /* PNChartLabel.h */,
				0FAB2A41197692E40077DBFD /* PNChartLabel.m */,
				0FAB2A42197692E40077DBFD /* PNColor.h */,
				0FAB2A43197692E40077DBFD /* PNColor.m */,
				0FAB2A44197692E40077DBFD /* PNLineChart.h */,
				0FAB2A45197692E40077DBFD /* PNLineChart.m */,
			);
			path = PNChart;
			sourceTree = "<group>";
		};
		0FAFC014196D1DC60075AB71 /* Menu */ = {
			isa = PBXGroup;
			children = (
				0F54F162197239A900217BE2 /* IconCalendar@2x.png */,
				0F54F163197239A900217BE2 /* IconEmpty@2x.png */,
				0F54F164197239A900217BE2 /* IconHome@2x.png */,
				0F54F165197239A900217BE2 /* IconProfile@2x.png */,
				0F54F166197239A900217BE2 /* IconSettings@2x.png */,
				0F54F167197239A900217BE2 /* MenuBackground@2x.png */,
				0FAFC015196D1DC60075AB71 /* Stars@2x.png */,
			);
			path = Menu;
			sourceTree = "<group>";
		};
		0FAFC017196D1E140075AB71 /* Models */ = {
			isa = PBXGroup;
			children = (
				0FAFC018196D1E440075AB71 /* VISSourceManager.h */,
				0FAFC019196D1E440075AB71 /* VISSourceManager.m */,
			);
			path = Models;
			sourceTree = "<group>";
		};
/* End PBXGroup section */

/* Begin PBXNativeTarget section */
		0FA4252B196A689700D85399 /* VISCube */ = {
			isa = PBXNativeTarget;
			buildConfigurationList = 0FA42558196A689800D85399 /* Build configuration list for PBXNativeTarget "VISCube" */;
			buildPhases = (
				0FA42528196A689700D85399 /* Sources */,
				0FA42529196A689700D85399 /* Frameworks */,
				0FA4252A196A689700D85399 /* Resources */,
			);
			buildRules = (
			);
			dependencies = (
			);
			name = VISCube;
			productName = VISCube;
			productReference = 0FA4252C196A689700D85399 /* VISCube.app */;
			productType = "com.apple.product-type.application";
		};
		0FA42546196A689700D85399 /* VISCubeTests */ = {
			isa = PBXNativeTarget;
			buildConfigurationList = 0FA4255B196A689800D85399 /* Build configuration list for PBXNativeTarget "VISCubeTests" */;
			buildPhases = (
				0FA42543196A689700D85399 /* Sources */,
				0FA42544196A689700D85399 /* Frameworks */,
				0FA42545196A689700D85399 /* Resources */,
			);
			buildRules = (
			);
			dependencies = (
				0FA4254D196A689700D85399 /* PBXTargetDependency */,
			);
			name = VISCubeTests;
			productName = VISCubeTests;
			productReference = 0FA42547196A689700D85399 /* VISCubeTests.xctest */;
			productType = "com.apple.product-type.bundle.unit-test";
		};
/* End PBXNativeTarget section */

/* Begin PBXProject section */
		0FA42524196A689700D85399 /* Project object */ = {
			isa = PBXProject;
			attributes = {
				CLASSPREFIX = WL;
				LastUpgradeCheck = 0510;
				ORGANIZATIONNAME = liwang;
				TargetAttributes = {
					0FA42546196A689700D85399 = {
						TestTargetID = 0FA4252B196A689700D85399;
					};
				};
			};
			buildConfigurationList = 0FA42527196A689700D85399 /* Build configuration list for PBXProject "VISCube" */;
			compatibilityVersion = "Xcode 3.2";
			developmentRegion = English;
			hasScannedForEncodings = 0;
			knownRegions = (
				en,
			);
			mainGroup = 0FA42523196A689700D85399;
			productRefGroup = 0FA4252D196A689700D85399 /* Products */;
			projectDirPath = "";
			projectRoot = "";
			targets = (
				0FA4252B196A689700D85399 /* VISCube */,
				0FA42546196A689700D85399 /* VISCubeTests */,
			);
		};
/* End PBXProject section */

/* Begin PBXResourcesBuildPhase section */
		0FA4252A196A689700D85399 /* Resources */ = {
			isa = PBXResourcesBuildPhase;
			buildActionMask = 2147483647;
			files = (
				0FA4253A196A689700D85399 /* InfoPlist.strings in Resources */,
				0F8B71BE197F8DB3008D0C23 /* 06.jpg in Resources */,
				0FA42542196A689700D85399 /* Images.xcassets in Resources */,
				0F54F16D197239A900217BE2 /* MenuBackground@2x.png in Resources */,
				0FAFC01C196D53730075AB71 /* Balloon@2x.png in Resources */,
				0F84EDE3197D3991001B336B /* YellowAlert.png in Resources */,
				0F54F169197239A900217BE2 /* IconEmpty@2x.png in Resources */,
				0F54F168197239A900217BE2 /* IconCalendar@2x.png in Resources */,
				0FAFC016196D1DC60075AB71 /* Stars@2x.png in Resources */,
				0F54F16B197239A900217BE2 /* IconProfile@2x.png in Resources */,
				0F8B71B2197F827E008D0C23 /* 01bg_image.png in Resources */,
				0F0A9BD1197E454C00E3C0E1 /* AlphaBG.jpg in Resources */,
				0F0A9BCB197E2DB300E3C0E1 /* 1.jpg in Resources */,
				0F54F16A197239A900217BE2 /* IconHome@2x.png in Resources */,
				0F54F16C197239A900217BE2 /* IconSettings@2x.png in Resources */,
				0F0A9BC5197E0CE500E3C0E1 /* Manager.jpg in Resources */,
				0F84EDE2197D3991001B336B /* RedAlert.png in Resources */,
				0FA425C9196C149300D85399 /* HomeBG.jpg in Resources */,
			);
			runOnlyForDeploymentPostprocessing = 0;
		};
		0FA42545196A689700D85399 /* Resources */ = {
			isa = PBXResourcesBuildPhase;
			buildActionMask = 2147483647;
			files = (
				0FA42553196A689700D85399 /* InfoPlist.strings in Resources */,
			);
			runOnlyForDeploymentPostprocessing = 0;
		};
/* End PBXResourcesBuildPhase section */

/* Begin PBXSourcesBuildPhase section */
		0FA42528196A689700D85399 /* Sources */ = {
			isa = PBXSourcesBuildPhase;
			buildActionMask = 2147483647;
			files = (
				0FA425B0196BF58B00D85399 /* UIViewController+RESideMenu.m in Sources */,
				0FAB2A4A197692E40077DBFD /* PNColor.m in Sources */,
				0FAB2A47197692E40077DBFD /* PNBarChart.m in Sources */,
				0F0A9BD4197E561E00E3C0E1 /* VISViewCreator.m in Sources */,
				0FAFC01A196D1E440075AB71 /* VISSourceManager.m in Sources */,
				0FA4253C196A689700D85399 /* main.m in Sources */,
				0FA425C4196C12BA00D85399 /* VISRootViewController.m in Sources */,
				0FA425B8196BFE5500D85399 /* VISHomeViewController.m in Sources */,
				0FAB2A46197692E40077DBFD /* PNBar.m in Sources */,
				0F84EDE6197D39E5001B336B /* VISDevice.m in Sources */,
				0FA4258C196A6BE900D85399 /* MKNetworkEngine.m in Sources */,
				0FA4258D196A6BE900D85399 /* MKNetworkOperation.m in Sources */,
				0FA42597196A71CC00D85399 /* VISNavigationBar.m in Sources */,
				0FAB2A49197692E40077DBFD /* PNChartLabel.m in Sources */,
				0FA425A1196A79E000D85399 /* VISLoginViewController.m in Sources */,
				0F0A9BD7197E786200E3C0E1 /* VISLabel.m in Sources */,
				0FA4258E196A6BE900D85399 /* Reachability.m in Sources */,
				0F0A9BDA197E808600E3C0E1 /* UPLineView.m in Sources */,
				0FAB2A4B197692E40077DBFD /* PNLineChart.m in Sources */,
				0FA42540196A689700D85399 /* WLAppDelegate.m in Sources */,
				0FA42594196A71A600D85399 /* VISNavigationController.m in Sources */,
				0FAFC013196D1C890075AB71 /* VISLeftMenuViewController.m in Sources */,
				0FA425C0196C090600D85399 /* UIImage+ImageEffects.m in Sources */,
				0F0A9BC9197E2CD000E3C0E1 /* CPKenburnsView.m in Sources */,
				0FA4259A196A71E300D85399 /* VISBaseViewController.m in Sources */,
				0FA425AF196BF58B00D85399 /* RESideMenu.m in Sources */,
				0FA425AE196BF58B00D85399 /* RECommonFunctions.m in Sources */,
				0FA6C7A4196F784D005127E1 /* UPDeviceInfo.m in Sources */,
			);
			runOnlyForDeploymentPostprocessing = 0;
		};
		0FA42543196A689700D85399 /* Sources */ = {
			isa = PBXSourcesBuildPhase;
			buildActionMask = 2147483647;
			files = (
				0FA42555196A689700D85399 /* VISCubeTests.m in Sources */,
			);
			runOnlyForDeploymentPostprocessing = 0;
		};
/* End PBXSourcesBuildPhase section */

/* Begin PBXTargetDependency section */
		0FA4254D196A689700D85399 /* PBXTargetDependency */ = {
			isa = PBXTargetDependency;
			target = 0FA4252B196A689700D85399 /* VISCube */;
			targetProxy = 0FA4254C196A689700D85399 /* PBXContainerItemProxy */;
		};
/* End PBXTargetDependency section */

/* Begin PBXVariantGroup section */
		0FA42538196A689700D85399 /* InfoPlist.strings */ = {
			isa = PBXVariantGroup;
			children = (
				0FA42539196A689700D85399 /* en */,
			);
			name = InfoPlist.strings;
			sourceTree = "<group>";
		};
		0FA42551196A689700D85399 /* InfoPlist.strings */ = {
			isa = PBXVariantGroup;
			children = (
				0FA42552196A689700D85399 /* en */,
			);
			name = InfoPlist.strings;
			sourceTree = "<group>";
		};
/* End PBXVariantGroup section */

/* Begin XCBuildConfiguration section */
		0FA42556196A689800D85399 /* Debug */ = {
			isa = XCBuildConfiguration;
			buildSettings = {
				ALWAYS_SEARCH_USER_PATHS = NO;
				CLANG_CXX_LANGUAGE_STANDARD = "gnu++0x";
				CLANG_CXX_LIBRARY = "libc++";
				CLANG_ENABLE_MODULES = YES;
				CLANG_ENABLE_OBJC_ARC = YES;
				CLANG_WARN_BOOL_CONVERSION = YES;
				CLANG_WARN_CONSTANT_CONVERSION = YES;
				CLANG_WARN_DIRECT_OBJC_ISA_USAGE = YES_ERROR;
				CLANG_WARN_EMPTY_BODY = YES;
				CLANG_WARN_ENUM_CONVERSION = YES;
				CLANG_WARN_INT_CONVERSION = YES;
				CLANG_WARN_OBJC_ROOT_CLASS = YES_ERROR;
				CLANG_WARN__DUPLICATE_METHOD_MATCH = YES;
				"CODE_SIGN_IDENTITY[sdk=iphoneos*]" = "iPhone Developer";
				COPY_PHASE_STRIP = NO;
				GCC_C_LANGUAGE_STANDARD = gnu99;
				GCC_DYNAMIC_NO_PIC = NO;
				GCC_OPTIMIZATION_LEVEL = 0;
				GCC_PREPROCESSOR_DEFINITIONS = (
					"DEBUG=1",
					"$(inherited)",
				);
				GCC_SYMBOLS_PRIVATE_EXTERN = NO;
				GCC_WARN_64_TO_32_BIT_CONVERSION = YES;
				GCC_WARN_ABOUT_RETURN_TYPE = YES_ERROR;
				GCC_WARN_UNDECLARED_SELECTOR = YES;
				GCC_WARN_UNINITIALIZED_AUTOS = YES_AGGRESSIVE;
				GCC_WARN_UNUSED_FUNCTION = YES;
				GCC_WARN_UNUSED_VARIABLE = YES;
				IPHONEOS_DEPLOYMENT_TARGET = 7.1;
				ONLY_ACTIVE_ARCH = YES;
				SDKROOT = iphoneos;
				TARGETED_DEVICE_FAMILY = "1,2";
			};
			name = Debug;
		};
		0FA42557196A689800D85399 /* Release */ = {
			isa = XCBuildConfiguration;
			buildSettings = {
				ALWAYS_SEARCH_USER_PATHS = NO;
				CLANG_CXX_LANGUAGE_STANDARD = "gnu++0x";
				CLANG_CXX_LIBRARY = "libc++";
				CLANG_ENABLE_MODULES = YES;
				CLANG_ENABLE_OBJC_ARC = YES;
				CLANG_WARN_BOOL_CONVERSION = YES;
				CLANG_WARN_CONSTANT_CONVERSION = YES;
				CLANG_WARN_DIRECT_OBJC_ISA_USAGE = YES_ERROR;
				CLANG_WARN_EMPTY_BODY = YES;
				CLANG_WARN_ENUM_CONVERSION = YES;
				CLANG_WARN_INT_CONVERSION = YES;
				CLANG_WARN_OBJC_ROOT_CLASS = YES_ERROR;
				CLANG_WARN__DUPLICATE_METHOD_MATCH = YES;
				"CODE_SIGN_IDENTITY[sdk=iphoneos*]" = "iPhone Developer";
				COPY_PHASE_STRIP = YES;
				ENABLE_NS_ASSERTIONS = NO;
				GCC_C_LANGUAGE_STANDARD = gnu99;
				GCC_WARN_64_TO_32_BIT_CONVERSION = YES;
				GCC_WARN_ABOUT_RETURN_TYPE = YES_ERROR;
				GCC_WARN_UNDECLARED_SELECTOR = YES;
				GCC_WARN_UNINITIALIZED_AUTOS = YES_AGGRESSIVE;
				GCC_WARN_UNUSED_FUNCTION = YES;
				GCC_WARN_UNUSED_VARIABLE = YES;
				IPHONEOS_DEPLOYMENT_TARGET = 7.1;
				SDKROOT = iphoneos;
				TARGETED_DEVICE_FAMILY = "1,2";
				VALIDATE_PRODUCT = YES;
			};
			name = Release;
		};
		0FA42559196A689800D85399 /* Debug */ = {
			isa = XCBuildConfiguration;
			buildSettings = {
				ASSETCATALOG_COMPILER_APPICON_NAME = AppIcon;
				ASSETCATALOG_COMPILER_LAUNCHIMAGE_NAME = LaunchImage;
				CODE_SIGN_IDENTITY = "iPhone Developer";
				GCC_PRECOMPILE_PREFIX_HEADER = YES;
				GCC_PREFIX_HEADER = "VISCube/VISCube-Prefix.pch";
				INFOPLIST_FILE = "VISCube/VISCube-Info.plist";
				IPHONEOS_DEPLOYMENT_TARGET = 7.0;
				PRODUCT_NAME = "$(TARGET_NAME)";
				WRAPPER_EXTENSION = app;
			};
			name = Debug;
		};
		0FA4255A196A689800D85399 /* Release */ = {
			isa = XCBuildConfiguration;
			buildSettings = {
				ASSETCATALOG_COMPILER_APPICON_NAME = AppIcon;
				ASSETCATALOG_COMPILER_LAUNCHIMAGE_NAME = LaunchImage;
				CODE_SIGN_IDENTITY = "iPhone Developer";
				GCC_PRECOMPILE_PREFIX_HEADER = YES;
				GCC_PREFIX_HEADER = "VISCube/VISCube-Prefix.pch";
				INFOPLIST_FILE = "VISCube/VISCube-Info.plist";
				IPHONEOS_DEPLOYMENT_TARGET = 7.0;
				PRODUCT_NAME = "$(TARGET_NAME)";
				WRAPPER_EXTENSION = app;
			};
			name = Release;
		};
		0FA4255C196A689800D85399 /* Debug */ = {
			isa = XCBuildConfiguration;
			buildSettings = {
				BUNDLE_LOADER = "$(BUILT_PRODUCTS_DIR)/VISCube.app/VISCube";
				FRAMEWORK_SEARCH_PATHS = (
					"$(SDKROOT)/Developer/Library/Frameworks",
					"$(inherited)",
					"$(DEVELOPER_FRAMEWORKS_DIR)",
				);
				GCC_PRECOMPILE_PREFIX_HEADER = YES;
				GCC_PREFIX_HEADER = "VISCube/VISCube-Prefix.pch";
				GCC_PREPROCESSOR_DEFINITIONS = (
					"DEBUG=1",
					"$(inherited)",
				);
				INFOPLIST_FILE = "VISCubeTests/VISCubeTests-Info.plist";
				PRODUCT_NAME = "$(TARGET_NAME)";
				TEST_HOST = "$(BUNDLE_LOADER)";
				WRAPPER_EXTENSION = xctest;
			};
			name = Debug;
		};
		0FA4255D196A689800D85399 /* Release */ = {
			isa = XCBuildConfiguration;
			buildSettings = {
				BUNDLE_LOADER = "$(BUILT_PRODUCTS_DIR)/VISCube.app/VISCube";
				FRAMEWORK_SEARCH_PATHS = (
					"$(SDKROOT)/Developer/Library/Frameworks",
					"$(inherited)",
					"$(DEVELOPER_FRAMEWORKS_DIR)",
				);
				GCC_PRECOMPILE_PREFIX_HEADER = YES;
				GCC_PREFIX_HEADER = "VISCube/VISCube-Prefix.pch";
				INFOPLIST_FILE = "VISCubeTests/VISCubeTests-Info.plist";
				PRODUCT_NAME = "$(TARGET_NAME)";
				TEST_HOST = "$(BUNDLE_LOADER)";
				WRAPPER_EXTENSION = xctest;
			};
			name = Release;
		};
/* End XCBuildConfiguration section */

/* Begin XCConfigurationList section */
		0FA42527196A689700D85399 /* Build configuration list for PBXProject "VISCube" */ = {
			isa = XCConfigurationList;
			buildConfigurations = (
				0FA42556196A689800D85399 /* Debug */,
				0FA42557196A689800D85399 /* Release */,
			);
			defaultConfigurationIsVisible = 0;
			defaultConfigurationName = Release;
		};
		0FA42558196A689800D85399 /* Build configuration list for PBXNativeTarget "VISCube" */ = {
			isa = XCConfigurationList;
			buildConfigurations = (
				0FA42559196A689800D85399 /* Debug */,
				0FA4255A196A689800D85399 /* Release */,
			);
			defaultConfigurationIsVisible = 0;
			defaultConfigurationName = Release;
		};
		0FA4255B196A689800D85399 /* Build configuration list for PBXNativeTarget "VISCubeTests" */ = {
			isa = XCConfigurationList;
			buildConfigurations = (
				0FA4255C196A689800D85399 /* Debug */,
				0FA4255D196A689800D85399 /* Release */,
			);
			defaultConfigurationIsVisible = 0;
			defaultConfigurationName = Release;
		};
/* End XCConfigurationList section */
	};
	rootObject = 0FA42524196A689700D85399 /* Project object */;
}
